// !$*UTF8*$!
{
	archiveVersion = 1;
	classes = {
	};
	objectVersion = 56;
	objects = {

/* Begin PBXBuildFile section */
		1757848729C5598D0098F3F8 /* MoviesAPI.swift in Sources */ = {isa = PBXBuildFile; fileRef = 1757848629C5598D0098F3F8 /* MoviesAPI.swift */; };
		1775F8CF29C769DB0023094E /* ShowDetailViewController.swift in Sources */ = {isa = PBXBuildFile; fileRef = 1775F8CE29C769DB0023094E /* ShowDetailViewController.swift */; };
		1775F8D129C76EAE0023094E /* ShowDetailViewController+UI.swift in Sources */ = {isa = PBXBuildFile; fileRef = 1775F8D029C76EAE0023094E /* ShowDetailViewController+UI.swift */; };
		1775F8D529C773260023094E /* NavigationItem.swift in Sources */ = {isa = PBXBuildFile; fileRef = 1775F8D429C773260023094E /* NavigationItem.swift */; };
		1775F8D729C773870023094E /* NavigableViewController.swift in Sources */ = {isa = PBXBuildFile; fileRef = 1775F8D629C773870023094E /* NavigableViewController.swift */; };
		17CBF57029C5BCBD00680D96 /* NetworkManager.swift in Sources */ = {isa = PBXBuildFile; fileRef = 17CBF56F29C5BCBD00680D96 /* NetworkManager.swift */; };
		17CBF57329C5C04900680D96 /* ServiceShow.swift in Sources */ = {isa = PBXBuildFile; fileRef = 17CBF57229C5C04900680D96 /* ServiceShow.swift */; };
		17CBF57529C5C49900680D96 /* Schedule.swift in Sources */ = {isa = PBXBuildFile; fileRef = 17CBF57429C5C49900680D96 /* Schedule.swift */; };
		17CBF57729C5C4E600680D96 /* Rating.swift in Sources */ = {isa = PBXBuildFile; fileRef = 17CBF57629C5C4E600680D96 /* Rating.swift */; };
		17CBF57929C5C54100680D96 /* Network.swift in Sources */ = {isa = PBXBuildFile; fileRef = 17CBF57829C5C54100680D96 /* Network.swift */; };
		17CBF57B29C5C57800680D96 /* Country.swift in Sources */ = {isa = PBXBuildFile; fileRef = 17CBF57A29C5C57800680D96 /* Country.swift */; };
		17CBF57D29C5C5F100680D96 /* Externals.swift in Sources */ = {isa = PBXBuildFile; fileRef = 17CBF57C29C5C5F100680D96 /* Externals.swift */; };
		17CBF57F29C5C63C00680D96 /* Image.swift in Sources */ = {isa = PBXBuildFile; fileRef = 17CBF57E29C5C63C00680D96 /* Image.swift */; };
		17CBF58129C5C68300680D96 /* Links.swift in Sources */ = {isa = PBXBuildFile; fileRef = 17CBF58029C5C68300680D96 /* Links.swift */; };
		17CBF58329C5C76700680D96 /* Reference.swift in Sources */ = {isa = PBXBuildFile; fileRef = 17CBF58229C5C76700680D96 /* Reference.swift */; };
		17F1981E29C4AE6900F15D72 /* AppDelegate.swift in Sources */ = {isa = PBXBuildFile; fileRef = 17F1981D29C4AE6900F15D72 /* AppDelegate.swift */; };
		17F1982729C4AE6C00F15D72 /* Assets.xcassets in Resources */ = {isa = PBXBuildFile; fileRef = 17F1982629C4AE6C00F15D72 /* Assets.xcassets */; };
		17F1982A29C4AE6C00F15D72 /* LaunchScreen.storyboard in Resources */ = {isa = PBXBuildFile; fileRef = 17F1982829C4AE6C00F15D72 /* LaunchScreen.storyboard */; };
		17F1983529C4AE6C00F15D72 /* MoviesTests.swift in Sources */ = {isa = PBXBuildFile; fileRef = 17F1983429C4AE6C00F15D72 /* MoviesTests.swift */; };
		17F1983F29C4AE6C00F15D72 /* MoviesUITests.swift in Sources */ = {isa = PBXBuildFile; fileRef = 17F1983E29C4AE6C00F15D72 /* MoviesUITests.swift */; };
		17F1984129C4AE6C00F15D72 /* MoviesUITestsLaunchTests.swift in Sources */ = {isa = PBXBuildFile; fileRef = 17F1984029C4AE6C00F15D72 /* MoviesUITestsLaunchTests.swift */; };
		17F8D73C29C710F10063B9F9 /* WebChannel.swift in Sources */ = {isa = PBXBuildFile; fileRef = 17F8D73B29C710F10063B9F9 /* WebChannel.swift */; };
		17F8D73E29C7128E0063B9F9 /* DVDCountry.swift in Sources */ = {isa = PBXBuildFile; fileRef = 17F8D73D29C7128E0063B9F9 /* DVDCountry.swift */; };
		17F8D74129C7156A0063B9F9 /* RealmManager.swift in Sources */ = {isa = PBXBuildFile; fileRef = 17F8D74029C7156A0063B9F9 /* RealmManager.swift */; };
		17F8D74329C71A4A0063B9F9 /* Utilities.swift in Sources */ = {isa = PBXBuildFile; fileRef = 17F8D74229C71A4A0063B9F9 /* Utilities.swift */; };
		17F8D74529C737D50063B9F9 /* RealmShow.swift in Sources */ = {isa = PBXBuildFile; fileRef = 17F8D74429C737D50063B9F9 /* RealmShow.swift */; };
		17F8D74829C73F3B0063B9F9 /* UIView+Extension.swift in Sources */ = {isa = PBXBuildFile; fileRef = 17F8D74729C73F3B0063B9F9 /* UIView+Extension.swift */; };
		17F8D74A29C7408F0063B9F9 /* ListOfShowsViewController.swift in Sources */ = {isa = PBXBuildFile; fileRef = 17F8D74929C7408F0063B9F9 /* ListOfShowsViewController.swift */; };
		17F8D74D29C740DB0063B9F9 /* ListOfShowsViewController+UI.swift in Sources */ = {isa = PBXBuildFile; fileRef = 17F8D74C29C740DB0063B9F9 /* ListOfShowsViewController+UI.swift */; };
		17F8D75029C742BC0063B9F9 /* ShowTableViewCell.swift in Sources */ = {isa = PBXBuildFile; fileRef = 17F8D74F29C742BC0063B9F9 /* ShowTableViewCell.swift */; };
		17F8D75329C754360063B9F9 /* ShowTableViewCell+UI.swift in Sources */ = {isa = PBXBuildFile; fileRef = 17F8D75229C754360063B9F9 /* ShowTableViewCell+UI.swift */; };
		17F8D75529C757C50063B9F9 /* ImageLoader.swift in Sources */ = {isa = PBXBuildFile; fileRef = 17F8D75429C757C50063B9F9 /* ImageLoader.swift */; };
		17F8D75829C75BF20063B9F9 /* ListOfShowsViewController+TableView.swift in Sources */ = {isa = PBXBuildFile; fileRef = 17F8D75729C75BF20063B9F9 /* ListOfShowsViewController+TableView.swift */; };
		27D525794115D41E7EB52D0F /* Pods_Movies.framework in Frameworks */ = {isa = PBXBuildFile; fileRef = 44B704F4F25E1215F83E1D90 /* Pods_Movies.framework */; };
		AF9EC2FC134992D24A0B2896 /* Pods_MoviesTests.framework in Frameworks */ = {isa = PBXBuildFile; fileRef = 6209FDF7BCFC9E7C39F8394F /* Pods_MoviesTests.framework */; };
		E20B3D1AB6B10E57F0234EC0 /* Pods_Movies_MoviesUITests.framework in Frameworks */ = {isa = PBXBuildFile; fileRef = 7100EB937CA6A435DC7B52CB /* Pods_Movies_MoviesUITests.framework */; };
/* End PBXBuildFile section */

/* Begin PBXContainerItemProxy section */
		17F1983129C4AE6C00F15D72 /* PBXContainerItemProxy */ = {
			isa = PBXContainerItemProxy;
			containerPortal = 17F1981229C4AE6900F15D72 /* Project object */;
			proxyType = 1;
			remoteGlobalIDString = 17F1981929C4AE6900F15D72;
			remoteInfo = Movies;
		};
		17F1983B29C4AE6C00F15D72 /* PBXContainerItemProxy */ = {
			isa = PBXContainerItemProxy;
			containerPortal = 17F1981229C4AE6900F15D72 /* Project object */;
			proxyType = 1;
			remoteGlobalIDString = 17F1981929C4AE6900F15D72;
			remoteInfo = Movies;
		};
/* End PBXContainerItemProxy section */

/* Begin PBXFileReference section */
		1757848629C5598D0098F3F8 /* MoviesAPI.swift */ = {isa = PBXFileReference; lastKnownFileType = sourcecode.swift; path = MoviesAPI.swift; sourceTree = "<group>"; };
		1775F8CE29C769DB0023094E /* ShowDetailViewController.swift */ = {isa = PBXFileReference; lastKnownFileType = sourcecode.swift; path = ShowDetailViewController.swift; sourceTree = "<group>"; };
		1775F8D029C76EAE0023094E /* ShowDetailViewController+UI.swift */ = {isa = PBXFileReference; lastKnownFileType = sourcecode.swift; path = "ShowDetailViewController+UI.swift"; sourceTree = "<group>"; };
		1775F8D429C773260023094E /* NavigationItem.swift */ = {isa = PBXFileReference; lastKnownFileType = sourcecode.swift; path = NavigationItem.swift; sourceTree = "<group>"; };
		1775F8D629C773870023094E /* NavigableViewController.swift */ = {isa = PBXFileReference; lastKnownFileType = sourcecode.swift; path = NavigableViewController.swift; sourceTree = "<group>"; };
		17CBF56F29C5BCBD00680D96 /* NetworkManager.swift */ = {isa = PBXFileReference; lastKnownFileType = sourcecode.swift; path = NetworkManager.swift; sourceTree = "<group>"; };
		17CBF57229C5C04900680D96 /* ServiceShow.swift */ = {isa = PBXFileReference; lastKnownFileType = sourcecode.swift; path = ServiceShow.swift; sourceTree = "<group>"; };
		17CBF57429C5C49900680D96 /* Schedule.swift */ = {isa = PBXFileReference; lastKnownFileType = sourcecode.swift; path = Schedule.swift; sourceTree = "<group>"; };
		17CBF57629C5C4E600680D96 /* Rating.swift */ = {isa = PBXFileReference; lastKnownFileType = sourcecode.swift; path = Rating.swift; sourceTree = "<group>"; };
		17CBF57829C5C54100680D96 /* Network.swift */ = {isa = PBXFileReference; lastKnownFileType = sourcecode.swift; path = Network.swift; sourceTree = "<group>"; };
		17CBF57A29C5C57800680D96 /* Country.swift */ = {isa = PBXFileReference; lastKnownFileType = sourcecode.swift; path = Country.swift; sourceTree = "<group>"; };
		17CBF57C29C5C5F100680D96 /* Externals.swift */ = {isa = PBXFileReference; lastKnownFileType = sourcecode.swift; path = Externals.swift; sourceTree = "<group>"; };
		17CBF57E29C5C63C00680D96 /* Image.swift */ = {isa = PBXFileReference; lastKnownFileType = sourcecode.swift; path = Image.swift; sourceTree = "<group>"; };
		17CBF58029C5C68300680D96 /* Links.swift */ = {isa = PBXFileReference; lastKnownFileType = sourcecode.swift; path = Links.swift; sourceTree = "<group>"; };
		17CBF58229C5C76700680D96 /* Reference.swift */ = {isa = PBXFileReference; lastKnownFileType = sourcecode.swift; path = Reference.swift; sourceTree = "<group>"; };
		17F1981A29C4AE6900F15D72 /* Movies.app */ = {isa = PBXFileReference; explicitFileType = wrapper.application; includeInIndex = 0; path = Movies.app; sourceTree = BUILT_PRODUCTS_DIR; };
		17F1981D29C4AE6900F15D72 /* AppDelegate.swift */ = {isa = PBXFileReference; lastKnownFileType = sourcecode.swift; path = AppDelegate.swift; sourceTree = "<group>"; };
		17F1982629C4AE6C00F15D72 /* Assets.xcassets */ = {isa = PBXFileReference; lastKnownFileType = folder.assetcatalog; path = Assets.xcassets; sourceTree = "<group>"; };
		17F1982929C4AE6C00F15D72 /* Base */ = {isa = PBXFileReference; lastKnownFileType = file.storyboard; name = Base; path = Base.lproj/LaunchScreen.storyboard; sourceTree = "<group>"; };
		17F1983029C4AE6C00F15D72 /* MoviesTests.xctest */ = {isa = PBXFileReference; explicitFileType = wrapper.cfbundle; includeInIndex = 0; path = MoviesTests.xctest; sourceTree = BUILT_PRODUCTS_DIR; };
		17F1983429C4AE6C00F15D72 /* MoviesTests.swift */ = {isa = PBXFileReference; lastKnownFileType = sourcecode.swift; path = MoviesTests.swift; sourceTree = "<group>"; };
		17F1983A29C4AE6C00F15D72 /* MoviesUITests.xctest */ = {isa = PBXFileReference; explicitFileType = wrapper.cfbundle; includeInIndex = 0; path = MoviesUITests.xctest; sourceTree = BUILT_PRODUCTS_DIR; };
		17F1983E29C4AE6C00F15D72 /* MoviesUITests.swift */ = {isa = PBXFileReference; lastKnownFileType = sourcecode.swift; path = MoviesUITests.swift; sourceTree = "<group>"; };
		17F1984029C4AE6C00F15D72 /* MoviesUITestsLaunchTests.swift */ = {isa = PBXFileReference; lastKnownFileType = sourcecode.swift; path = MoviesUITestsLaunchTests.swift; sourceTree = "<group>"; };
		17F8D73B29C710F10063B9F9 /* WebChannel.swift */ = {isa = PBXFileReference; lastKnownFileType = sourcecode.swift; path = WebChannel.swift; sourceTree = "<group>"; };
		17F8D73D29C7128E0063B9F9 /* DVDCountry.swift */ = {isa = PBXFileReference; lastKnownFileType = sourcecode.swift; path = DVDCountry.swift; sourceTree = "<group>"; };
		17F8D74029C7156A0063B9F9 /* RealmManager.swift */ = {isa = PBXFileReference; lastKnownFileType = sourcecode.swift; path = RealmManager.swift; sourceTree = "<group>"; };
		17F8D74229C71A4A0063B9F9 /* Utilities.swift */ = {isa = PBXFileReference; lastKnownFileType = sourcecode.swift; path = Utilities.swift; sourceTree = "<group>"; };
		17F8D74429C737D50063B9F9 /* RealmShow.swift */ = {isa = PBXFileReference; lastKnownFileType = sourcecode.swift; path = RealmShow.swift; sourceTree = "<group>"; };
		17F8D74729C73F3B0063B9F9 /* UIView+Extension.swift */ = {isa = PBXFileReference; lastKnownFileType = sourcecode.swift; path = "UIView+Extension.swift"; sourceTree = "<group>"; };
		17F8D74929C7408F0063B9F9 /* ListOfShowsViewController.swift */ = {isa = PBXFileReference; lastKnownFileType = sourcecode.swift; path = ListOfShowsViewController.swift; sourceTree = "<group>"; };
		17F8D74C29C740DB0063B9F9 /* ListOfShowsViewController+UI.swift */ = {isa = PBXFileReference; lastKnownFileType = sourcecode.swift; path = "ListOfShowsViewController+UI.swift"; sourceTree = "<group>"; };
		17F8D74F29C742BC0063B9F9 /* ShowTableViewCell.swift */ = {isa = PBXFileReference; lastKnownFileType = sourcecode.swift; path = ShowTableViewCell.swift; sourceTree = "<group>"; };
		17F8D75229C754360063B9F9 /* ShowTableViewCell+UI.swift */ = {isa = PBXFileReference; lastKnownFileType = sourcecode.swift; path = "ShowTableViewCell+UI.swift"; sourceTree = "<group>"; };
		17F8D75429C757C50063B9F9 /* ImageLoader.swift */ = {isa = PBXFileReference; lastKnownFileType = sourcecode.swift; path = ImageLoader.swift; sourceTree = "<group>"; };
		17F8D75729C75BF20063B9F9 /* ListOfShowsViewController+TableView.swift */ = {isa = PBXFileReference; lastKnownFileType = sourcecode.swift; path = "ListOfShowsViewController+TableView.swift"; sourceTree = "<group>"; };
		421EB2F93EFD36F89427FEBC /* Pods-Movies.debug.xcconfig */ = {isa = PBXFileReference; includeInIndex = 1; lastKnownFileType = text.xcconfig; name = "Pods-Movies.debug.xcconfig"; path = "Target Support Files/Pods-Movies/Pods-Movies.debug.xcconfig"; sourceTree = "<group>"; };
		44B704F4F25E1215F83E1D90 /* Pods_Movies.framework */ = {isa = PBXFileReference; explicitFileType = wrapper.framework; includeInIndex = 0; path = Pods_Movies.framework; sourceTree = BUILT_PRODUCTS_DIR; };
		4DEA464A9FF010C6499F33ED /* Pods-Movies-MoviesUITests.release.xcconfig */ = {isa = PBXFileReference; includeInIndex = 1; lastKnownFileType = text.xcconfig; name = "Pods-Movies-MoviesUITests.release.xcconfig"; path = "Target Support Files/Pods-Movies-MoviesUITests/Pods-Movies-MoviesUITests.release.xcconfig"; sourceTree = "<group>"; };
		5D389F9FFD5AA8796B180763 /* Pods-Movies.release.xcconfig */ = {isa = PBXFileReference; includeInIndex = 1; lastKnownFileType = text.xcconfig; name = "Pods-Movies.release.xcconfig"; path = "Target Support Files/Pods-Movies/Pods-Movies.release.xcconfig"; sourceTree = "<group>"; };
		602D95BBACDFDD318BE4378E /* Pods-Movies-MoviesUITests.debug.xcconfig */ = {isa = PBXFileReference; includeInIndex = 1; lastKnownFileType = text.xcconfig; name = "Pods-Movies-MoviesUITests.debug.xcconfig"; path = "Target Support Files/Pods-Movies-MoviesUITests/Pods-Movies-MoviesUITests.debug.xcconfig"; sourceTree = "<group>"; };
		6209FDF7BCFC9E7C39F8394F /* Pods_MoviesTests.framework */ = {isa = PBXFileReference; explicitFileType = wrapper.framework; includeInIndex = 0; path = Pods_MoviesTests.framework; sourceTree = BUILT_PRODUCTS_DIR; };
		7100EB937CA6A435DC7B52CB /* Pods_Movies_MoviesUITests.framework */ = {isa = PBXFileReference; explicitFileType = wrapper.framework; includeInIndex = 0; path = Pods_Movies_MoviesUITests.framework; sourceTree = BUILT_PRODUCTS_DIR; };
		79DDB55E34AF2A325D48D011 /* Pods-MoviesTests.release.xcconfig */ = {isa = PBXFileReference; includeInIndex = 1; lastKnownFileType = text.xcconfig; name = "Pods-MoviesTests.release.xcconfig"; path = "Target Support Files/Pods-MoviesTests/Pods-MoviesTests.release.xcconfig"; sourceTree = "<group>"; };
		D2169FB8C6922EC1C0C51929 /* Pods-MoviesTests.debug.xcconfig */ = {isa = PBXFileReference; includeInIndex = 1; lastKnownFileType = text.xcconfig; name = "Pods-MoviesTests.debug.xcconfig"; path = "Target Support Files/Pods-MoviesTests/Pods-MoviesTests.debug.xcconfig"; sourceTree = "<group>"; };
/* End PBXFileReference section */

/* Begin PBXFrameworksBuildPhase section */
		17F1981729C4AE6900F15D72 /* Frameworks */ = {
			isa = PBXFrameworksBuildPhase;
			buildActionMask = 2147483647;
			files = (
				27D525794115D41E7EB52D0F /* Pods_Movies.framework in Frameworks */,
			);
			runOnlyForDeploymentPostprocessing = 0;
		};
		17F1982D29C4AE6C00F15D72 /* Frameworks */ = {
			isa = PBXFrameworksBuildPhase;
			buildActionMask = 2147483647;
			files = (
				AF9EC2FC134992D24A0B2896 /* Pods_MoviesTests.framework in Frameworks */,
			);
			runOnlyForDeploymentPostprocessing = 0;
		};
		17F1983729C4AE6C00F15D72 /* Frameworks */ = {
			isa = PBXFrameworksBuildPhase;
			buildActionMask = 2147483647;
			files = (
				E20B3D1AB6B10E57F0234EC0 /* Pods_Movies_MoviesUITests.framework in Frameworks */,
			);
			runOnlyForDeploymentPostprocessing = 0;
		};
/* End PBXFrameworksBuildPhase section */

/* Begin PBXGroup section */
		1757848029C54BF30098F3F8 /* Resources */ = {
			isa = PBXGroup;
			children = (
				17F1981D29C4AE6900F15D72 /* AppDelegate.swift */,
				17F1982629C4AE6C00F15D72 /* Assets.xcassets */,
				17F1982829C4AE6C00F15D72 /* LaunchScreen.storyboard */,
				17F8D74229C71A4A0063B9F9 /* Utilities.swift */,
			);
			path = Resources;
			sourceTree = "<group>";
		};
		1757848229C54C3B0098F3F8 /* ViewControllers */ = {
			isa = PBXGroup;
			children = (
				1775F8CD29C769B00023094E /* ShowDetail */,
				17F8D74B29C740C50063B9F9 /* ListOfShows */,
			);
			path = ViewControllers;
			sourceTree = "<group>";
		};
		1757848529C5594E0098F3F8 /* Managers */ = {
			isa = PBXGroup;
			children = (
				1775F8D329C773030023094E /* Navigation */,
				17F8D75629C757C80063B9F9 /* Image */,
				17CBF56E29C5BCA300680D96 /* Networking */,
				17F8D73F29C7154B0063B9F9 /* Realm */,
			);
			path = Managers;
			sourceTree = "<group>";
		};
		1775F8CD29C769B00023094E /* ShowDetail */ = {
			isa = PBXGroup;
			children = (
				1775F8CE29C769DB0023094E /* ShowDetailViewController.swift */,
				1775F8D029C76EAE0023094E /* ShowDetailViewController+UI.swift */,
			);
			path = ShowDetail;
			sourceTree = "<group>";
		};
		1775F8D329C773030023094E /* Navigation */ = {
			isa = PBXGroup;
			children = (
				1775F8D429C773260023094E /* NavigationItem.swift */,
				1775F8D629C773870023094E /* NavigableViewController.swift */,
			);
			path = Navigation;
			sourceTree = "<group>";
		};
		17CBF56E29C5BCA300680D96 /* Networking */ = {
			isa = PBXGroup;
			children = (
				1757848629C5598D0098F3F8 /* MoviesAPI.swift */,
				17CBF56F29C5BCBD00680D96 /* NetworkManager.swift */,
			);
			path = Networking;
			sourceTree = "<group>";
		};
		17CBF57129C5C02F00680D96 /* Models */ = {
			isa = PBXGroup;
			children = (
				17CBF57229C5C04900680D96 /* ServiceShow.swift */,
				17CBF57429C5C49900680D96 /* Schedule.swift */,
				17CBF57629C5C4E600680D96 /* Rating.swift */,
				17CBF57829C5C54100680D96 /* Network.swift */,
				17CBF57A29C5C57800680D96 /* Country.swift */,
				17CBF57C29C5C5F100680D96 /* Externals.swift */,
				17CBF57E29C5C63C00680D96 /* Image.swift */,
				17CBF58029C5C68300680D96 /* Links.swift */,
				17CBF58229C5C76700680D96 /* Reference.swift */,
				17F8D73B29C710F10063B9F9 /* WebChannel.swift */,
				17F8D73D29C7128E0063B9F9 /* DVDCountry.swift */,
				17F8D74429C737D50063B9F9 /* RealmShow.swift */,
			);
			path = Models;
			sourceTree = "<group>";
		};
		17F1981129C4AE6900F15D72 = {
			isa = PBXGroup;
			children = (
				17F1981C29C4AE6900F15D72 /* Movies */,
				17F1983329C4AE6C00F15D72 /* MoviesTests */,
				17F1983D29C4AE6C00F15D72 /* MoviesUITests */,
				17F1981B29C4AE6900F15D72 /* Products */,
				43F0A618BBBE08B1A8B5D081 /* Pods */,
				60E165E8B5038CA6B3E2CCDB /* Frameworks */,
			);
			sourceTree = "<group>";
		};
		17F1981B29C4AE6900F15D72 /* Products */ = {
			isa = PBXGroup;
			children = (
				17F1981A29C4AE6900F15D72 /* Movies.app */,
				17F1983029C4AE6C00F15D72 /* MoviesTests.xctest */,
				17F1983A29C4AE6C00F15D72 /* MoviesUITests.xctest */,
			);
			name = Products;
			sourceTree = "<group>";
		};
		17F1981C29C4AE6900F15D72 /* Movies */ = {
			isa = PBXGroup;
			children = (
				17F8D74629C73F1F0063B9F9 /* Extensions */,
				1757848529C5594E0098F3F8 /* Managers */,
				17CBF57129C5C02F00680D96 /* Models */,
				1757848229C54C3B0098F3F8 /* ViewControllers */,
				17F8D74E29C7427E0063B9F9 /* Views */,
				1757848029C54BF30098F3F8 /* Resources */,
			);
			path = Movies;
			sourceTree = "<group>";
		};
		17F1983329C4AE6C00F15D72 /* MoviesTests */ = {
			isa = PBXGroup;
			children = (
				17F1983429C4AE6C00F15D72 /* MoviesTests.swift */,
			);
			path = MoviesTests;
			sourceTree = "<group>";
		};
		17F1983D29C4AE6C00F15D72 /* MoviesUITests */ = {
			isa = PBXGroup;
			children = (
				17F1983E29C4AE6C00F15D72 /* MoviesUITests.swift */,
				17F1984029C4AE6C00F15D72 /* MoviesUITestsLaunchTests.swift */,
			);
			path = MoviesUITests;
			sourceTree = "<group>";
		};
		17F8D73F29C7154B0063B9F9 /* Realm */ = {
			isa = PBXGroup;
			children = (
				17F8D74029C7156A0063B9F9 /* RealmManager.swift */,
			);
			path = Realm;
			sourceTree = "<group>";
		};
		17F8D74629C73F1F0063B9F9 /* Extensions */ = {
			isa = PBXGroup;
			children = (
				17F8D74729C73F3B0063B9F9 /* UIView+Extension.swift */,
			);
			path = Extensions;
			sourceTree = "<group>";
		};
		17F8D74B29C740C50063B9F9 /* ListOfShows */ = {
			isa = PBXGroup;
			children = (
				17F8D74929C7408F0063B9F9 /* ListOfShowsViewController.swift */,
				17F8D74C29C740DB0063B9F9 /* ListOfShowsViewController+UI.swift */,
				17F8D75729C75BF20063B9F9 /* ListOfShowsViewController+TableView.swift */,
			);
			path = ListOfShows;
			sourceTree = "<group>";
		};
		17F8D74E29C7427E0063B9F9 /* Views */ = {
			isa = PBXGroup;
			children = (
				17F8D74F29C742BC0063B9F9 /* ShowTableViewCell.swift */,
				17F8D75229C754360063B9F9 /* ShowTableViewCell+UI.swift */,
			);
			path = Views;
			sourceTree = "<group>";
		};
		17F8D75629C757C80063B9F9 /* Image */ = {
			isa = PBXGroup;
			children = (
				17F8D75429C757C50063B9F9 /* ImageLoader.swift */,
			);
			path = Image;
			sourceTree = "<group>";
		};
		43F0A618BBBE08B1A8B5D081 /* Pods */ = {
			isa = PBXGroup;
			children = (
				421EB2F93EFD36F89427FEBC /* Pods-Movies.debug.xcconfig */,
				5D389F9FFD5AA8796B180763 /* Pods-Movies.release.xcconfig */,
				602D95BBACDFDD318BE4378E /* Pods-Movies-MoviesUITests.debug.xcconfig */,
				4DEA464A9FF010C6499F33ED /* Pods-Movies-MoviesUITests.release.xcconfig */,
				D2169FB8C6922EC1C0C51929 /* Pods-MoviesTests.debug.xcconfig */,
				79DDB55E34AF2A325D48D011 /* Pods-MoviesTests.release.xcconfig */,
			);
			path = Pods;
			sourceTree = "<group>";
		};
		60E165E8B5038CA6B3E2CCDB /* Frameworks */ = {
			isa = PBXGroup;
			children = (
				44B704F4F25E1215F83E1D90 /* Pods_Movies.framework */,
				7100EB937CA6A435DC7B52CB /* Pods_Movies_MoviesUITests.framework */,
				6209FDF7BCFC9E7C39F8394F /* Pods_MoviesTests.framework */,
			);
			name = Frameworks;
			sourceTree = "<group>";
		};
/* End PBXGroup section */

/* Begin PBXNativeTarget section */
		17F1981929C4AE6900F15D72 /* Movies */ = {
			isa = PBXNativeTarget;
			buildConfigurationList = 17F1984429C4AE6C00F15D72 /* Build configuration list for PBXNativeTarget "Movies" */;
			buildPhases = (
				0F5866076DCFA6C1361B7478 /* [CP] Check Pods Manifest.lock */,
				17F1981629C4AE6900F15D72 /* Sources */,
				17F1981729C4AE6900F15D72 /* Frameworks */,
				17F1981829C4AE6900F15D72 /* Resources */,
				4C0F982B15D336DC4482E07C /* [CP] Embed Pods Frameworks */,
			);
			buildRules = (
			);
			dependencies = (
			);
			name = Movies;
			productName = Movies;
			productReference = 17F1981A29C4AE6900F15D72 /* Movies.app */;
			productType = "com.apple.product-type.application";
		};
		17F1982F29C4AE6C00F15D72 /* MoviesTests */ = {
			isa = PBXNativeTarget;
			buildConfigurationList = 17F1984729C4AE6C00F15D72 /* Build configuration list for PBXNativeTarget "MoviesTests" */;
			buildPhases = (
				A1B2F7B6E3A506CE07313720 /* [CP] Check Pods Manifest.lock */,
				17F1982C29C4AE6C00F15D72 /* Sources */,
				17F1982D29C4AE6C00F15D72 /* Frameworks */,
				17F1982E29C4AE6C00F15D72 /* Resources */,
			);
			buildRules = (
			);
			dependencies = (
				17F1983229C4AE6C00F15D72 /* PBXTargetDependency */,
			);
			name = MoviesTests;
			productName = MoviesTests;
			productReference = 17F1983029C4AE6C00F15D72 /* MoviesTests.xctest */;
			productType = "com.apple.product-type.bundle.unit-test";
		};
		17F1983929C4AE6C00F15D72 /* MoviesUITests */ = {
			isa = PBXNativeTarget;
			buildConfigurationList = 17F1984A29C4AE6C00F15D72 /* Build configuration list for PBXNativeTarget "MoviesUITests" */;
			buildPhases = (
				A5BCB6799C1B23277CA744D0 /* [CP] Check Pods Manifest.lock */,
				17F1983629C4AE6C00F15D72 /* Sources */,
				17F1983729C4AE6C00F15D72 /* Frameworks */,
				17F1983829C4AE6C00F15D72 /* Resources */,
				AE7CBFCB35525D4ABBD59DAD /* [CP] Embed Pods Frameworks */,
			);
			buildRules = (
			);
			dependencies = (
				17F1983C29C4AE6C00F15D72 /* PBXTargetDependency */,
			);
			name = MoviesUITests;
			productName = MoviesUITests;
			productReference = 17F1983A29C4AE6C00F15D72 /* MoviesUITests.xctest */;
			productType = "com.apple.product-type.bundle.ui-testing";
		};
/* End PBXNativeTarget section */

/* Begin PBXProject section */
		17F1981229C4AE6900F15D72 /* Project object */ = {
			isa = PBXProject;
			attributes = {
				BuildIndependentTargetsInParallel = 1;
				LastSwiftUpdateCheck = 1420;
				LastUpgradeCheck = 1420;
				TargetAttributes = {
					17F1981929C4AE6900F15D72 = {
						CreatedOnToolsVersion = 14.2;
					};
					17F1982F29C4AE6C00F15D72 = {
						CreatedOnToolsVersion = 14.2;
						TestTargetID = 17F1981929C4AE6900F15D72;
					};
					17F1983929C4AE6C00F15D72 = {
						CreatedOnToolsVersion = 14.2;
						TestTargetID = 17F1981929C4AE6900F15D72;
					};
				};
			};
			buildConfigurationList = 17F1981529C4AE6900F15D72 /* Build configuration list for PBXProject "Movies" */;
			compatibilityVersion = "Xcode 14.0";
			developmentRegion = en;
			hasScannedForEncodings = 0;
			knownRegions = (
				en,
				Base,
			);
			mainGroup = 17F1981129C4AE6900F15D72;
			productRefGroup = 17F1981B29C4AE6900F15D72 /* Products */;
			projectDirPath = "";
			projectRoot = "";
			targets = (
				17F1981929C4AE6900F15D72 /* Movies */,
				17F1982F29C4AE6C00F15D72 /* MoviesTests */,
				17F1983929C4AE6C00F15D72 /* MoviesUITests */,
			);
		};
/* End PBXProject section */

/* Begin PBXResourcesBuildPhase section */
		17F1981829C4AE6900F15D72 /* Resources */ = {
			isa = PBXResourcesBuildPhase;
			buildActionMask = 2147483647;
			files = (
				17F1982A29C4AE6C00F15D72 /* LaunchScreen.storyboard in Resources */,
				17F1982729C4AE6C00F15D72 /* Assets.xcassets in Resources */,
			);
			runOnlyForDeploymentPostprocessing = 0;
		};
		17F1982E29C4AE6C00F15D72 /* Resources */ = {
			isa = PBXResourcesBuildPhase;
			buildActionMask = 2147483647;
			files = (
			);
			runOnlyForDeploymentPostprocessing = 0;
		};
		17F1983829C4AE6C00F15D72 /* Resources */ = {
			isa = PBXResourcesBuildPhase;
			buildActionMask = 2147483647;
			files = (
			);
			runOnlyForDeploymentPostprocessing = 0;
		};
/* End PBXResourcesBuildPhase section */

/* Begin PBXShellScriptBuildPhase section */
		0F5866076DCFA6C1361B7478 /* [CP] Check Pods Manifest.lock */ = {
			isa = PBXShellScriptBuildPhase;
			buildActionMask = 2147483647;
			files = (
			);
			inputFileListPaths = (
			);
			inputPaths = (
				"${PODS_PODFILE_DIR_PATH}/Podfile.lock",
				"${PODS_ROOT}/Manifest.lock",
			);
			name = "[CP] Check Pods Manifest.lock";
			outputFileListPaths = (
			);
			outputPaths = (
				"$(DERIVED_FILE_DIR)/Pods-Movies-checkManifestLockResult.txt",
			);
			runOnlyForDeploymentPostprocessing = 0;
			shellPath = /bin/sh;
			shellScript = "diff \"${PODS_PODFILE_DIR_PATH}/Podfile.lock\" \"${PODS_ROOT}/Manifest.lock\" > /dev/null\nif [ $? != 0 ] ; then\n    # print error to STDERR\n    echo \"error: The sandbox is not in sync with the Podfile.lock. Run 'pod install' or update your CocoaPods installation.\" >&2\n    exit 1\nfi\n# This output is used by Xcode 'outputs' to avoid re-running this script phase.\necho \"SUCCESS\" > \"${SCRIPT_OUTPUT_FILE_0}\"\n";
			showEnvVarsInLog = 0;
		};
		4C0F982B15D336DC4482E07C /* [CP] Embed Pods Frameworks */ = {
			isa = PBXShellScriptBuildPhase;
			buildActionMask = 2147483647;
			files = (
			);
			inputFileListPaths = (
				"${PODS_ROOT}/Target Support Files/Pods-Movies/Pods-Movies-frameworks-${CONFIGURATION}-input-files.xcfilelist",
			);
			name = "[CP] Embed Pods Frameworks";
			outputFileListPaths = (
				"${PODS_ROOT}/Target Support Files/Pods-Movies/Pods-Movies-frameworks-${CONFIGURATION}-output-files.xcfilelist",
			);
			runOnlyForDeploymentPostprocessing = 0;
			shellPath = /bin/sh;
			shellScript = "\"${PODS_ROOT}/Target Support Files/Pods-Movies/Pods-Movies-frameworks.sh\"\n";
			showEnvVarsInLog = 0;
		};
		A1B2F7B6E3A506CE07313720 /* [CP] Check Pods Manifest.lock */ = {
			isa = PBXShellScriptBuildPhase;
			buildActionMask = 2147483647;
			files = (
			);
			inputFileListPaths = (
			);
			inputPaths = (
				"${PODS_PODFILE_DIR_PATH}/Podfile.lock",
				"${PODS_ROOT}/Manifest.lock",
			);
			name = "[CP] Check Pods Manifest.lock";
			outputFileListPaths = (
			);
			outputPaths = (
				"$(DERIVED_FILE_DIR)/Pods-MoviesTests-checkManifestLockResult.txt",
			);
			runOnlyForDeploymentPostprocessing = 0;
			shellPath = /bin/sh;
			shellScript = "diff \"${PODS_PODFILE_DIR_PATH}/Podfile.lock\" \"${PODS_ROOT}/Manifest.lock\" > /dev/null\nif [ $? != 0 ] ; then\n    # print error to STDERR\n    echo \"error: The sandbox is not in sync with the Podfile.lock. Run 'pod install' or update your CocoaPods installation.\" >&2\n    exit 1\nfi\n# This output is used by Xcode 'outputs' to avoid re-running this script phase.\necho \"SUCCESS\" > \"${SCRIPT_OUTPUT_FILE_0}\"\n";
			showEnvVarsInLog = 0;
		};
		A5BCB6799C1B23277CA744D0 /* [CP] Check Pods Manifest.lock */ = {
			isa = PBXShellScriptBuildPhase;
			buildActionMask = 2147483647;
			files = (
			);
			inputFileListPaths = (
			);
			inputPaths = (
				"${PODS_PODFILE_DIR_PATH}/Podfile.lock",
				"${PODS_ROOT}/Manifest.lock",
			);
			name = "[CP] Check Pods Manifest.lock";
			outputFileListPaths = (
			);
			outputPaths = (
				"$(DERIVED_FILE_DIR)/Pods-Movies-MoviesUITests-checkManifestLockResult.txt",
			);
			runOnlyForDeploymentPostprocessing = 0;
			shellPath = /bin/sh;
			shellScript = "diff \"${PODS_PODFILE_DIR_PATH}/Podfile.lock\" \"${PODS_ROOT}/Manifest.lock\" > /dev/null\nif [ $? != 0 ] ; then\n    # print error to STDERR\n    echo \"error: The sandbox is not in sync with the Podfile.lock. Run 'pod install' or update your CocoaPods installation.\" >&2\n    exit 1\nfi\n# This output is used by Xcode 'outputs' to avoid re-running this script phase.\necho \"SUCCESS\" > \"${SCRIPT_OUTPUT_FILE_0}\"\n";
			showEnvVarsInLog = 0;
		};
		AE7CBFCB35525D4ABBD59DAD /* [CP] Embed Pods Frameworks */ = {
			isa = PBXShellScriptBuildPhase;
			buildActionMask = 2147483647;
			files = (
			);
			inputFileListPaths = (
				"${PODS_ROOT}/Target Support Files/Pods-Movies-MoviesUITests/Pods-Movies-MoviesUITests-frameworks-${CONFIGURATION}-input-files.xcfilelist",
			);
			name = "[CP] Embed Pods Frameworks";
			outputFileListPaths = (
				"${PODS_ROOT}/Target Support Files/Pods-Movies-MoviesUITests/Pods-Movies-MoviesUITests-frameworks-${CONFIGURATION}-output-files.xcfilelist",
			);
			runOnlyForDeploymentPostprocessing = 0;
			shellPath = /bin/sh;
			shellScript = "\"${PODS_ROOT}/Target Support Files/Pods-Movies-MoviesUITests/Pods-Movies-MoviesUITests-frameworks.sh\"\n";
			showEnvVarsInLog = 0;
		};
/* End PBXShellScriptBuildPhase section */

/* Begin PBXSourcesBuildPhase section */
		17F1981629C4AE6900F15D72 /* Sources */ = {
			isa = PBXSourcesBuildPhase;
			buildActionMask = 2147483647;
			files = (
				17F8D74D29C740DB0063B9F9 /* ListOfShowsViewController+UI.swift in Sources */,
				17CBF57329C5C04900680D96 /* ServiceShow.swift in Sources */,
				17F8D75329C754360063B9F9 /* ShowTableViewCell+UI.swift in Sources */,
				17CBF57F29C5C63C00680D96 /* Image.swift in Sources */,
				17F8D73C29C710F10063B9F9 /* WebChannel.swift in Sources */,
				17F1981E29C4AE6900F15D72 /* AppDelegate.swift in Sources */,
				17CBF57D29C5C5F100680D96 /* Externals.swift in Sources */,
				17F8D74129C7156A0063B9F9 /* RealmManager.swift in Sources */,
				17CBF58129C5C68300680D96 /* Links.swift in Sources */,
				1775F8D129C76EAE0023094E /* ShowDetailViewController+UI.swift in Sources */,
				1775F8D729C773870023094E /* NavigableViewController.swift in Sources */,
				17CBF57029C5BCBD00680D96 /* NetworkManager.swift in Sources */,
				17CBF57729C5C4E600680D96 /* Rating.swift in Sources */,
				17F8D74529C737D50063B9F9 /* RealmShow.swift in Sources */,
				17CBF57929C5C54100680D96 /* Network.swift in Sources */,
				17F8D74329C71A4A0063B9F9 /* Utilities.swift in Sources */,
				17F8D73E29C7128E0063B9F9 /* DVDCountry.swift in Sources */,
				17F8D75029C742BC0063B9F9 /* ShowTableViewCell.swift in Sources */,
				1775F8CF29C769DB0023094E /* ShowDetailViewController.swift in Sources */,
				17F8D75529C757C50063B9F9 /* ImageLoader.swift in Sources */,
				17CBF58329C5C76700680D96 /* Reference.swift in Sources */,
				17F8D75829C75BF20063B9F9 /* ListOfShowsViewController+TableView.swift in Sources */,
				17CBF57529C5C49900680D96 /* Schedule.swift in Sources */,
				17F8D74A29C7408F0063B9F9 /* ListOfShowsViewController.swift in Sources */,
				17CBF57B29C5C57800680D96 /* Country.swift in Sources */,
				17F8D74829C73F3B0063B9F9 /* UIView+Extension.swift in Sources */,
				1775F8D529C773260023094E /* NavigationItem.swift in Sources */,
				1757848729C5598D0098F3F8 /* MoviesAPI.swift in Sources */,
			);
			runOnlyForDeploymentPostprocessing = 0;
		};
		17F1982C29C4AE6C00F15D72 /* Sources */ = {
			isa = PBXSourcesBuildPhase;
			buildActionMask = 2147483647;
			files = (
				17F1983529C4AE6C00F15D72 /* MoviesTests.swift in Sources */,
			);
			runOnlyForDeploymentPostprocessing = 0;
		};
		17F1983629C4AE6C00F15D72 /* Sources */ = {
			isa = PBXSourcesBuildPhase;
			buildActionMask = 2147483647;
			files = (
				17F1983F29C4AE6C00F15D72 /* MoviesUITests.swift in Sources */,
				17F1984129C4AE6C00F15D72 /* MoviesUITestsLaunchTests.swift in Sources */,
			);
			runOnlyForDeploymentPostprocessing = 0;
		};
/* End PBXSourcesBuildPhase section */

/* Begin PBXTargetDependency section */
		17F1983229C4AE6C00F15D72 /* PBXTargetDependency */ = {
			isa = PBXTargetDependency;
			target = 17F1981929C4AE6900F15D72 /* Movies */;
			targetProxy = 17F1983129C4AE6C00F15D72 /* PBXContainerItemProxy */;
		};
		17F1983C29C4AE6C00F15D72 /* PBXTargetDependency */ = {
			isa = PBXTargetDependency;
			target = 17F1981929C4AE6900F15D72 /* Movies */;
			targetProxy = 17F1983B29C4AE6C00F15D72 /* PBXContainerItemProxy */;
		};
/* End PBXTargetDependency section */

/* Begin PBXVariantGroup section */
		17F1982829C4AE6C00F15D72 /* LaunchScreen.storyboard */ = {
			isa = PBXVariantGroup;
			children = (
				17F1982929C4AE6C00F15D72 /* Base */,
			);
			name = LaunchScreen.storyboard;
			sourceTree = "<group>";
		};
/* End PBXVariantGroup section */

/* Begin XCBuildConfiguration section */
		17F1984229C4AE6C00F15D72 /* Debug */ = {
			isa = XCBuildConfiguration;
			buildSettings = {
				ALWAYS_SEARCH_USER_PATHS = NO;
				CLANG_ANALYZER_NONNULL = YES;
				CLANG_ANALYZER_NUMBER_OBJECT_CONVERSION = YES_AGGRESSIVE;
				CLANG_CXX_LANGUAGE_STANDARD = "gnu++20";
				CLANG_ENABLE_MODULES = YES;
				CLANG_ENABLE_OBJC_ARC = YES;
				CLANG_ENABLE_OBJC_WEAK = YES;
				CLANG_WARN_BLOCK_CAPTURE_AUTORELEASING = YES;
				CLANG_WARN_BOOL_CONVERSION = YES;
				CLANG_WARN_COMMA = YES;
				CLANG_WARN_CONSTANT_CONVERSION = YES;
				CLANG_WARN_DEPRECATED_OBJC_IMPLEMENTATIONS = YES;
				CLANG_WARN_DIRECT_OBJC_ISA_USAGE = YES_ERROR;
				CLANG_WARN_DOCUMENTATION_COMMENTS = YES;
				CLANG_WARN_EMPTY_BODY = YES;
				CLANG_WARN_ENUM_CONVERSION = YES;
				CLANG_WARN_INFINITE_RECURSION = YES;
				CLANG_WARN_INT_CONVERSION = YES;
				CLANG_WARN_NON_LITERAL_NULL_CONVERSION = YES;
				CLANG_WARN_OBJC_IMPLICIT_RETAIN_SELF = YES;
				CLANG_WARN_OBJC_LITERAL_CONVERSION = YES;
				CLANG_WARN_OBJC_ROOT_CLASS = YES_ERROR;
				CLANG_WARN_QUOTED_INCLUDE_IN_FRAMEWORK_HEADER = YES;
				CLANG_WARN_RANGE_LOOP_ANALYSIS = YES;
				CLANG_WARN_STRICT_PROTOTYPES = YES;
				CLANG_WARN_SUSPICIOUS_MOVE = YES;
				CLANG_WARN_UNGUARDED_AVAILABILITY = YES_AGGRESSIVE;
				CLANG_WARN_UNREACHABLE_CODE = YES;
				CLANG_WARN__DUPLICATE_METHOD_MATCH = YES;
				COPY_PHASE_STRIP = NO;
				DEBUG_INFORMATION_FORMAT = dwarf;
				ENABLE_STRICT_OBJC_MSGSEND = YES;
				ENABLE_TESTABILITY = YES;
				GCC_C_LANGUAGE_STANDARD = gnu11;
				GCC_DYNAMIC_NO_PIC = NO;
				GCC_NO_COMMON_BLOCKS = YES;
				GCC_OPTIMIZATION_LEVEL = 0;
				GCC_PREPROCESSOR_DEFINITIONS = (
					"DEBUG=1",
					"$(inherited)",
				);
				GCC_WARN_64_TO_32_BIT_CONVERSION = YES;
				GCC_WARN_ABOUT_RETURN_TYPE = YES_ERROR;
				GCC_WARN_UNDECLARED_SELECTOR = YES;
				GCC_WARN_UNINITIALIZED_AUTOS = YES_AGGRESSIVE;
				GCC_WARN_UNUSED_FUNCTION = YES;
				GCC_WARN_UNUSED_VARIABLE = YES;
				IPHONEOS_DEPLOYMENT_TARGET = 16.2;
				MTL_ENABLE_DEBUG_INFO = INCLUDE_SOURCE;
				MTL_FAST_MATH = YES;
				ONLY_ACTIVE_ARCH = YES;
				SDKROOT = iphoneos;
				SWIFT_ACTIVE_COMPILATION_CONDITIONS = DEBUG;
				SWIFT_OPTIMIZATION_LEVEL = "-Onone";
			};
			name = Debug;
		};
		17F1984329C4AE6C00F15D72 /* Release */ = {
			isa = XCBuildConfiguration;
			buildSettings = {
				ALWAYS_SEARCH_USER_PATHS = NO;
				CLANG_ANALYZER_NONNULL = YES;
				CLANG_ANALYZER_NUMBER_OBJECT_CONVERSION = YES_AGGRESSIVE;
				CLANG_CXX_LANGUAGE_STANDARD = "gnu++20";
				CLANG_ENABLE_MODULES = YES;
				CLANG_ENABLE_OBJC_ARC = YES;
				CLANG_ENABLE_OBJC_WEAK = YES;
				CLANG_WARN_BLOCK_CAPTURE_AUTORELEASING = YES;
				CLANG_WARN_BOOL_CONVERSION = YES;
				CLANG_WARN_COMMA = YES;
				CLANG_WARN_CONSTANT_CONVERSION = YES;
				CLANG_WARN_DEPRECATED_OBJC_IMPLEMENTATIONS = YES;
				CLANG_WARN_DIRECT_OBJC_ISA_USAGE = YES_ERROR;
				CLANG_WARN_DOCUMENTATION_COMMENTS = YES;
				CLANG_WARN_EMPTY_BODY = YES;
				CLANG_WARN_ENUM_CONVERSION = YES;
				CLANG_WARN_INFINITE_RECURSION = YES;
				CLANG_WARN_INT_CONVERSION = YES;
				CLANG_WARN_NON_LITERAL_NULL_CONVERSION = YES;
				CLANG_WARN_OBJC_IMPLICIT_RETAIN_SELF = YES;
				CLANG_WARN_OBJC_LITERAL_CONVERSION = YES;
				CLANG_WARN_OBJC_ROOT_CLASS = YES_ERROR;
				CLANG_WARN_QUOTED_INCLUDE_IN_FRAMEWORK_HEADER = YES;
				CLANG_WARN_RANGE_LOOP_ANALYSIS = YES;
				CLANG_WARN_STRICT_PROTOTYPES = YES;
				CLANG_WARN_SUSPICIOUS_MOVE = YES;
				CLANG_WARN_UNGUARDED_AVAILABILITY = YES_AGGRESSIVE;
				CLANG_WARN_UNREACHABLE_CODE = YES;
				CLANG_WARN__DUPLICATE_METHOD_MATCH = YES;
				COPY_PHASE_STRIP = NO;
				DEBUG_INFORMATION_FORMAT = "dwarf-with-dsym";
				ENABLE_NS_ASSERTIONS = NO;
				ENABLE_STRICT_OBJC_MSGSEND = YES;
				GCC_C_LANGUAGE_STANDARD = gnu11;
				GCC_NO_COMMON_BLOCKS = YES;
				GCC_WARN_64_TO_32_BIT_CONVERSION = YES;
				GCC_WARN_ABOUT_RETURN_TYPE = YES_ERROR;
				GCC_WARN_UNDECLARED_SELECTOR = YES;
				GCC_WARN_UNINITIALIZED_AUTOS = YES_AGGRESSIVE;
				GCC_WARN_UNUSED_FUNCTION = YES;
				GCC_WARN_UNUSED_VARIABLE = YES;
				IPHONEOS_DEPLOYMENT_TARGET = 16.2;
				MTL_ENABLE_DEBUG_INFO = NO;
				MTL_FAST_MATH = YES;
				SDKROOT = iphoneos;
				SWIFT_COMPILATION_MODE = wholemodule;
				SWIFT_OPTIMIZATION_LEVEL = "-O";
				VALIDATE_PRODUCT = YES;
			};
			name = Release;
		};
		17F1984529C4AE6C00F15D72 /* Debug */ = {
			isa = XCBuildConfiguration;
			baseConfigurationReference = 421EB2F93EFD36F89427FEBC /* Pods-Movies.debug.xcconfig */;
			buildSettings = {
				ASSETCATALOG_COMPILER_APPICON_NAME = AppIcon;
				ASSETCATALOG_COMPILER_GLOBAL_ACCENT_COLOR_NAME = AccentColor;
				CODE_SIGN_STYLE = Automatic;
				CURRENT_PROJECT_VERSION = 1;
				DEVELOPMENT_TEAM = 7X48R5E6LJ;
				GENERATE_INFOPLIST_FILE = YES;
				INFOPLIST_FILE = "/Users/nikolas/Desktop/Programming/Personal Projects/Movies/Movies/Resources/Info.plist";
				INFOPLIST_KEY_UIApplicationSceneManifest_Generation = NO;
				INFOPLIST_KEY_UIApplicationSupportsIndirectInputEvents = YES;
				INFOPLIST_KEY_UILaunchStoryboardName = LaunchScreen;
				INFOPLIST_KEY_UISupportedInterfaceOrientations_iPad = "UIInterfaceOrientationPortrait UIInterfaceOrientationPortraitUpsideDown UIInterfaceOrientationLandscapeLeft UIInterfaceOrientationLandscapeRight";
				INFOPLIST_KEY_UISupportedInterfaceOrientations_iPhone = "UIInterfaceOrientationPortrait UIInterfaceOrientationLandscapeLeft UIInterfaceOrientationLandscapeRight";
				LD_RUNPATH_SEARCH_PATHS = (
					"$(inherited)",
					"@executable_path/Frameworks",
				);
				MARKETING_VERSION = 1.0;
				PRODUCT_BUNDLE_IDENTIFIER = com.napps.Movies;
				PRODUCT_NAME = "$(TARGET_NAME)";
				SWIFT_EMIT_LOC_STRINGS = YES;
				SWIFT_VERSION = 5.0;
				TARGETED_DEVICE_FAMILY = "1,2";
			};
			name = Debug;
		};
		17F1984629C4AE6C00F15D72 /* Release */ = {
			isa = XCBuildConfiguration;
			baseConfigurationReference = 5D389F9FFD5AA8796B180763 /* Pods-Movies.release.xcconfig */;
			buildSettings = {
				ASSETCATALOG_COMPILER_APPICON_NAME = AppIcon;
				ASSETCATALOG_COMPILER_GLOBAL_ACCENT_COLOR_NAME = AccentColor;
				CODE_SIGN_STYLE = Automatic;
				CURRENT_PROJECT_VERSION = 1;
				DEVELOPMENT_TEAM = 7X48R5E6LJ;
				GENERATE_INFOPLIST_FILE = YES;
				INFOPLIST_FILE = "/Users/nikolas/Desktop/Programming/Personal Projects/Movies/Movies/Resources/Info.plist";
				INFOPLIST_KEY_UIApplicationSceneManifest_Generation = NO;
				INFOPLIST_KEY_UIApplicationSupportsIndirectInputEvents = YES;
				INFOPLIST_KEY_UILaunchStoryboardName = LaunchScreen;
				INFOPLIST_KEY_UISupportedInterfaceOrientations_iPad = "UIInterfaceOrientationPortrait UIInterfaceOrientationPortraitUpsideDown UIInterfaceOrientationLandscapeLeft UIInterfaceOrientationLandscapeRight";
				INFOPLIST_KEY_UISupportedInterfaceOrientations_iPhone = "UIInterfaceOrientationPortrait UIInterfaceOrientationLandscapeLeft UIInterfaceOrientationLandscapeRight";
				LD_RUNPATH_SEARCH_PATHS = (
					"$(inherited)",
					"@executable_path/Frameworks",
				);
				MARKETING_VERSION = 1.0;
				PRODUCT_BUNDLE_IDENTIFIER = com.napps.Movies;
				PRODUCT_NAME = "$(TARGET_NAME)";
				SWIFT_EMIT_LOC_STRINGS = YES;
				SWIFT_VERSION = 5.0;
				TARGETED_DEVICE_FAMILY = "1,2";
			};
			name = Release;
		};
		17F1984829C4AE6C00F15D72 /* Debug */ = {
			isa = XCBuildConfiguration;
			baseConfigurationReference = D2169FB8C6922EC1C0C51929 /* Pods-MoviesTests.debug.xcconfig */;
			buildSettings = {
				ALWAYS_EMBED_SWIFT_STANDARD_LIBRARIES = YES;
				BUNDLE_LOADER = "$(TEST_HOST)";
				CODE_SIGN_STYLE = Automatic;
				CURRENT_PROJECT_VERSION = 1;
				DEVELOPMENT_TEAM = 7X48R5E6LJ;
				GENERATE_INFOPLIST_FILE = YES;
				IPHONEOS_DEPLOYMENT_TARGET = 16.2;
				MARKETING_VERSION = 1.0;
				PRODUCT_BUNDLE_IDENTIFIER = com.napps.MoviesTests;
				PRODUCT_NAME = "$(TARGET_NAME)";
				SWIFT_EMIT_LOC_STRINGS = NO;
				SWIFT_VERSION = 5.0;
				TARGETED_DEVICE_FAMILY = "1,2";
				TEST_HOST = "$(BUILT_PRODUCTS_DIR)/Movies.app/$(BUNDLE_EXECUTABLE_FOLDER_PATH)/Movies";
			};
			name = Debug;
		};
		17F1984929C4AE6C00F15D72 /* Release */ = {
			isa = XCBuildConfiguration;
			baseConfigurationReference = 79DDB55E34AF2A325D48D011 /* Pods-MoviesTests.release.xcconfig */;
			buildSettings = {
				ALWAYS_EMBED_SWIFT_STANDARD_LIBRARIES = YES;
				BUNDLE_LOADER = "$(TEST_HOST)";
				CODE_SIGN_STYLE = Automatic;
				CURRENT_PROJECT_VERSION = 1;
				DEVELOPMENT_TEAM = 7X48R5E6LJ;
				GENERATE_INFOPLIST_FILE = YES;
				IPHONEOS_DEPLOYMENT_TARGET = 16.2;
				MARKETING_VERSION = 1.0;
				PRODUCT_BUNDLE_IDENTIFIER = com.napps.MoviesTests;
				PRODUCT_NAME = "$(TARGET_NAME)";
				SWIFT_EMIT_LOC_STRINGS = NO;
				SWIFT_VERSION = 5.0;
				TARGETED_DEVICE_FAMILY = "1,2";
				TEST_HOST = "$(BUILT_PRODUCTS_DIR)/Movies.app/$(BUNDLE_EXECUTABLE_FOLDER_PATH)/Movies";
			};
			name = Release;
		};
		17F1984B29C4AE6C00F15D72 /* Debug */ = {
			isa = XCBuildConfiguration;
			baseConfigurationReference = 602D95BBACDFDD318BE4378E /* Pods-Movies-MoviesUITests.debug.xcconfig */;
			buildSettings = {
				ALWAYS_EMBED_SWIFT_STANDARD_LIBRARIES = YES;
				CODE_SIGN_STYLE = Automatic;
				CURRENT_PROJECT_VERSION = 1;
				DEVELOPMENT_TEAM = 7X48R5E6LJ;
				GENERATE_INFOPLIST_FILE = YES;
				MARKETING_VERSION = 1.0;
				PRODUCT_BUNDLE_IDENTIFIER = com.napps.MoviesUITests;
				PRODUCT_NAME = "$(TARGET_NAME)";
				SWIFT_EMIT_LOC_STRINGS = NO;
				SWIFT_VERSION = 5.0;
				TARGETED_DEVICE_FAMILY = "1,2";
				TEST_TARGET_NAME = Movies;
			};
			name = Debug;
		};
		17F1984C29C4AE6C00F15D72 /* Release */ = {
			isa = XCBuildConfiguration;
			baseConfigurationReference = 4DEA464A9FF010C6499F33ED /* Pods-Movies-MoviesUITests.release.xcconfig */;
			buildSettings = {
				ALWAYS_EMBED_SWIFT_STANDARD_LIBRARIES = YES;
				CODE_SIGN_STYLE = Automatic;
				CURRENT_PROJECT_VERSION = 1;
				DEVELOPMENT_TEAM = 7X48R5E6LJ;
				GENERATE_INFOPLIST_FILE = YES;
				MARKETING_VERSION = 1.0;
				PRODUCT_BUNDLE_IDENTIFIER = com.napps.MoviesUITests;
				PRODUCT_NAME = "$(TARGET_NAME)";
				SWIFT_EMIT_LOC_STRINGS = NO;
				SWIFT_VERSION = 5.0;
				TARGETED_DEVICE_FAMILY = "1,2";
				TEST_TARGET_NAME = Movies;
			};
			name = Release;
		};
/* End XCBuildConfiguration section */

/* Begin XCConfigurationList section */
		17F1981529C4AE6900F15D72 /* Build configuration list for PBXProject "Movies" */ = {
			isa = XCConfigurationList;
			buildConfigurations = (
				17F1984229C4AE6C00F15D72 /* Debug */,
				17F1984329C4AE6C00F15D72 /* Release */,
			);
			defaultConfigurationIsVisible = 0;
			defaultConfigurationName = Release;
		};
		17F1984429C4AE6C00F15D72 /* Build configuration list for PBXNativeTarget "Movies" */ = {
			isa = XCConfigurationList;
			buildConfigurations = (
				17F1984529C4AE6C00F15D72 /* Debug */,
				17F1984629C4AE6C00F15D72 /* Release */,
			);
			defaultConfigurationIsVisible = 0;
			defaultConfigurationName = Release;
		};
		17F1984729C4AE6C00F15D72 /* Build configuration list for PBXNativeTarget "MoviesTests" */ = {
			isa = XCConfigurationList;
			buildConfigurations = (
				17F1984829C4AE6C00F15D72 /* Debug */,
				17F1984929C4AE6C00F15D72 /* Release */,
			);
			defaultConfigurationIsVisible = 0;
			defaultConfigurationName = Release;
		};
		17F1984A29C4AE6C00F15D72 /* Build configuration list for PBXNativeTarget "MoviesUITests" */ = {
			isa = XCConfigurationList;
			buildConfigurations = (
				17F1984B29C4AE6C00F15D72 /* Debug */,
				17F1984C29C4AE6C00F15D72 /* Release */,
			);
			defaultConfigurationIsVisible = 0;
			defaultConfigurationName = Release;
		};
/* End XCConfigurationList section */
	};
	rootObject = 17F1981229C4AE6900F15D72 /* Project object */;
}
